
Microsoft Visual Studio Solution File, Format Version 12.00
# Visual Studio Version 17
VisualStudioVersion = 17.0.31903.59
MinimumVisualStudioVersion = 10.0.40219.1
Project("{2150E333-8FDC-42A3-9474-1A3956D46DE8}") = "src", "src", "{E2084971-6691-4C65-AE65-B5E47DF30A5B}"
EndProject
Project("{FAE04EC0-301F-11D3-BF4B-00C04F79EFBC}") = "Shared", "src\shared\Shared.csproj", "{37F0BAD6-414D-417A-80A5-95526BDB1270}"
EndProject
Project("{FAE04EC0-301F-11D3-BF4B-00C04F79EFBC}") = "Service", "src\service\Service.csproj", "{DAE9F991-7709-4A91-A659-535518024014}"
EndProject
Project("{FAE04EC0-301F-11D3-BF4B-00C04F79EFBC}") = "Cli", "src\cli\Cli.csproj", "{13C840C3-1347-4CF8-BE93-A640D595CF95}"
EndProject
Project("{FAE04EC0-301F-11D3-BF4B-00C04F79EFBC}") = "Tests", "tests\Tests.csproj", "{D62681EA-021D-468C-AFD1-B5D3B2504088}"
EndProject
Project("{FAE04EC0-301F-11D3-BF4B-00C04F79EFBC}") = "Benchmarks", "benchmarks\Benchmarks.csproj", "{7CC9F1F8-F03D-4906-911A-066BCD63DBBC}"
EndProject
Global
	GlobalSection(SolutionConfigurationPlatforms) = preSolution
		Debug|Any CPU = Debug|Any CPU
		Release|Any CPU = Release|Any CPU
	EndGlobalSection
	GlobalSection(SolutionProperties) = preSolution
		HideSolutionNode = FALSE
	EndGlobalSection
	GlobalSection(ProjectConfigurationPlatforms) = postSolution
		{37F0BAD6-414D-417A-80A5-95526BDB1270}.Debug|Any CPU.ActiveCfg = Debug|Any CPU
		{37F0BAD6-414D-417A-80A5-95526BDB1270}.Debug|Any CPU.Build.0 = Debug|Any CPU
		{37F0BAD6-414D-417A-80A5-95526BDB1270}.Release|Any CPU.ActiveCfg = Release|Any CPU
		{37F0BAD6-414D-417A-80A5-95526BDB1270}.Release|Any CPU.Build.0 = Release|Any CPU
		{DAE9F991-7709-4A91-A659-535518024014}.Debug|Any CPU.ActiveCfg = Debug|Any CPU
		{DAE9F991-7709-4A91-A659-535518024014}.Debug|Any CPU.Build.0 = Debug|Any CPU
		{DAE9F991-7709-4A91-A659-535518024014}.Release|Any CPU.ActiveCfg = Release|Any CPU
		{DAE9F991-7709-4A91-A659-535518024014}.Release|Any CPU.Build.0 = Release|Any CPU
		{13C840C3-1347-4CF8-BE93-A640D595CF95}.Debug|Any CPU.ActiveCfg = Debug|Any CPU
		{13C840C3-1347-4CF8-BE93-A640D595CF95}.Debug|Any CPU.Build.0 = Debug|Any CPU
		{13C840C3-1347-4CF8-BE93-A640D595CF95}.Release|Any CPU.ActiveCfg = Release|Any CPU
		{13C840C3-1347-4CF8-BE93-A640D595CF95}.Release|Any CPU.Build.0 = Release|Any CPU
		{D62681EA-021D-468C-AFD1-B5D3B2504088}.Debug|Any CPU.ActiveCfg = Debug|Any CPU
		{D62681EA-021D-468C-AFD1-B5D3B2504088}.Debug|Any CPU.Build.0 = Debug|Any CPU
		{D62681EA-021D-468C-AFD1-B5D3B2504088}.Release|Any CPU.ActiveCfg = Release|Any CPU
		{D62681EA-021D-468C-AFD1-B5D3B2504088}.Release|Any CPU.Build.0 = Release|Any CPU
		{7CC9F1F8-F03D-4906-911A-066BCD63DBBC}.Debug|Any CPU.ActiveCfg = Debug|Any CPU
		{7CC9F1F8-F03D-4906-911A-066BCD63DBBC}.Debug|Any CPU.Build.0 = Debug|Any CPU
		{7CC9F1F8-F03D-4906-911A-066BCD63DBBC}.Release|Any CPU.ActiveCfg = Release|Any CPU
		{7CC9F1F8-F03D-4906-911A-066BCD63DBBC}.Release|Any CPU.Build.0 = Release|Any CPU
	EndGlobalSection
	GlobalSection(NestedProjects) = preSolution
		{37F0BAD6-414D-417A-80A5-95526BDB1270} = {E2084971-6691-4C65-AE65-B5E47DF30A5B}
		{DAE9F991-7709-4A91-A659-535518024014} = {E2084971-6691-4C65-AE65-B5E47DF30A5B}
		{13C840C3-1347-4CF8-BE93-A640D595CF95} = {E2084971-6691-4C65-AE65-B5E47DF30A5B}
	EndGlobalSection
EndGlobal
